// !$*UTF8*$!
{
	archiveVersion = 1;
	classes = {
	};
	objectVersion = 46;
	objects = {

/* Begin PBXBuildFile section */
		6F8D42FD13E1F8A900273CA2 /* UIKit.framework in Frameworks */ = {isa = PBXBuildFile; fileRef = 6F8D42FC13E1F8A900273CA2 /* UIKit.framework */; };
		6F8D42FF13E1F8A900273CA2 /* Foundation.framework in Frameworks */ = {isa = PBXBuildFile; fileRef = 6F8D42FE13E1F8A900273CA2 /* Foundation.framework */; };
		6F8D430113E1F8A900273CA2 /* CoreGraphics.framework in Frameworks */ = {isa = PBXBuildFile; fileRef = 6F8D430013E1F8A900273CA2 /* CoreGraphics.framework */; };
		6F8D430713E1F8A900273CA2 /* InfoPlist.strings in Resources */ = {isa = PBXBuildFile; fileRef = 6F8D430513E1F8A900273CA2 /* InfoPlist.strings */; };
		6F8D430913E1F8A900273CA2 /* main.m in Sources */ = {isa = PBXBuildFile; fileRef = 6F8D430813E1F8A900273CA2 /* main.m */; };
		6F8D430D13E1F8A900273CA2 /* BJRangeSliderWithProgressDemoAppDelegate.m in Sources */ = {isa = PBXBuildFile; fileRef = 6F8D430C13E1F8A900273CA2 /* BJRangeSliderWithProgressDemoAppDelegate.m */; };
		6F8D431013E1F8A900273CA2 /* BJRangeSliderWithProgressDemoViewController.m in Sources */ = {isa = PBXBuildFile; fileRef = 6F8D430F13E1F8A900273CA2 /* BJRangeSliderWithProgressDemoViewController.m */; };
		6F8D431313E1F8A900273CA2 /* BJRangeSliderWithProgressDemoViewController.xib in Resources */ = {isa = PBXBuildFile; fileRef = 6F8D431113E1F8A900273CA2 /* BJRangeSliderWithProgressDemoViewController.xib */; };
		6F8D435113E30F1000273CA2 /* BJRangeSliderWithProgress.m in Sources */ = {isa = PBXBuildFile; fileRef = 6F8D435013E30F1000273CA2 /* BJRangeSliderWithProgress.m */; };
		6F8D435713E3402700273CA2 /* BJRangeSliderEmpty.png in Resources */ = {isa = PBXBuildFile; fileRef = 6F8D435613E3402700273CA2 /* BJRangeSliderEmpty.png */; };
		6F8D435A13E341C800273CA2 /* BJRangeSliderBlue.png in Resources */ = {isa = PBXBuildFile; fileRef = 6F8D435813E341C800273CA2 /* BJRangeSliderBlue.png */; };
		6F8D435B13E341C800273CA2 /* BJRangeSliderRed.png in Resources */ = {isa = PBXBuildFile; fileRef = 6F8D435913E341C800273CA2 /* BJRangeSliderRed.png */; };
		6F8D435D13E349DC00273CA2 /* BJRangeSliderGreen.png in Resources */ = {isa = PBXBuildFile; fileRef = 6F8D435C13E349DC00273CA2 /* BJRangeSliderGreen.png */; };
/* End PBXBuildFile section */

/* Begin PBXFileReference section */
		6F8D42F813E1F8A900273CA2 /* BJRangeSliderWithProgress.app */ = {isa = PBXFileReference; explicitFileType = wrapper.application; includeInIndex = 0; path = BJRangeSliderWithProgress.app; sourceTree = BUILT_PRODUCTS_DIR; };
		6F8D42FC13E1F8A900273CA2 /* UIKit.framework */ = {isa = PBXFileReference; lastKnownFileType = wrapper.framework; name = UIKit.framework; path = System/Library/Frameworks/UIKit.framework; sourceTree = SDKROOT; };
		6F8D42FE13E1F8A900273CA2 /* Foundation.framework */ = {isa = PBXFileReference; lastKnownFileType = wrapper.framework; name = Foundation.framework; path = System/Library/Frameworks/Foundation.framework; sourceTree = SDKROOT; };
		6F8D430013E1F8A900273CA2 /* CoreGraphics.framework */ = {isa = PBXFileReference; lastKnownFileType = wrapper.framework; name = CoreGraphics.framework; path = System/Library/Frameworks/CoreGraphics.framework; sourceTree = SDKROOT; };
		6F8D430413E1F8A900273CA2 /* BJRangeSliderWithProgress-Info.plist */ = {isa = PBXFileReference; lastKnownFileType = text.plist.xml; path = "BJRangeSliderWithProgress-Info.plist"; sourceTree = "<group>"; };
		6F8D430613E1F8A900273CA2 /* en */ = {isa = PBXFileReference; lastKnownFileType = text.plist.strings; name = en; path = en.lproj/InfoPlist.strings; sourceTree = "<group>"; };
		6F8D430813E1F8A900273CA2 /* main.m */ = {isa = PBXFileReference; lastKnownFileType = sourcecode.c.objc; path = main.m; sourceTree = "<group>"; };
		6F8D430A13E1F8A900273CA2 /* BJRangeSliderWithProgress-Prefix.pch */ = {isa = PBXFileReference; lastKnownFileType = sourcecode.c.h; path = "BJRangeSliderWithProgress-Prefix.pch"; sourceTree = "<group>"; };
		6F8D430B13E1F8A900273CA2 /* BJRangeSliderWithProgressDemoAppDelegate.h */ = {isa = PBXFileReference; lastKnownFileType = sourcecode.c.h; path = BJRangeSliderWithProgressDemoAppDelegate.h; sourceTree = "<group>"; };
		6F8D430C13E1F8A900273CA2 /* BJRangeSliderWithProgressDemoAppDelegate.m */ = {isa = PBXFileReference; lastKnownFileType = sourcecode.c.objc; path = BJRangeSliderWithProgressDemoAppDelegate.m; sourceTree = "<group>"; };
		6F8D430E13E1F8A900273CA2 /* BJRangeSliderWithProgressDemoViewController.h */ = {isa = PBXFileReference; lastKnownFileType = sourcecode.c.h; path = BJRangeSliderWithProgressDemoViewController.h; sourceTree = "<group>"; };
		6F8D430F13E1F8A900273CA2 /* BJRangeSliderWithProgressDemoViewController.m */ = {isa = PBXFileReference; lastKnownFileType = sourcecode.c.objc; path = BJRangeSliderWithProgressDemoViewController.m; sourceTree = "<group>"; };
		6F8D431213E1F8A900273CA2 /* en */ = {isa = PBXFileReference; lastKnownFileType = file.xib; name = en; path = en.lproj/BJRangeSliderWithProgressDemoViewController.xib; sourceTree = "<group>"; };
		6F8D434F13E30F1000273CA2 /* BJRangeSliderWithProgress.h */ = {isa = PBXFileReference; fileEncoding = 4; lastKnownFileType = sourcecode.c.h; path = BJRangeSliderWithProgress.h; sourceTree = "<group>"; };
		6F8D435013E30F1000273CA2 /* BJRangeSliderWithProgress.m */ = {isa = PBXFileReference; fileEncoding = 4; lastKnownFileType = sourcecode.c.objc; path = BJRangeSliderWithProgress.m; sourceTree = "<group>"; };
		6F8D435613E3402700273CA2 /* BJRangeSliderEmpty.png */ = {isa = PBXFileReference; lastKnownFileType = image.png; path = BJRangeSliderEmpty.png; sourceTree = "<group>"; };
		6F8D435813E341C800273CA2 /* BJRangeSliderBlue.png */ = {isa = PBXFileReference; lastKnownFileType = image.png; path = BJRangeSliderBlue.png; sourceTree = "<group>"; };
		6F8D435913E341C800273CA2 /* BJRangeSliderRed.png */ = {isa = PBXFileReference; lastKnownFileType = image.png; path = BJRangeSliderRed.png; sourceTree = "<group>"; };
		6F8D435C13E349DC00273CA2 /* BJRangeSliderGreen.png */ = {isa = PBXFileReference; lastKnownFileType = image.png; path = BJRangeSliderGreen.png; sourceTree = "<group>"; };
/* End PBXFileReference section */

/* Begin PBXFrameworksBuildPhase section */
		6F8D42F513E1F8A900273CA2 /* Frameworks */ = {
			isa = PBXFrameworksBuildPhase;
			buildActionMask = 2147483647;
			files = (
				6F8D42FD13E1F8A900273CA2 /* UIKit.framework in Frameworks */,
				6F8D42FF13E1F8A900273CA2 /* Foundation.framework in Frameworks */,
				6F8D430113E1F8A900273CA2 /* CoreGraphics.framework in Frameworks */,
			);
			runOnlyForDeploymentPostprocessing = 0;
		};
/* End PBXFrameworksBuildPhase section */

/* Begin PBXGroup section */
		6F8D42ED13E1F8A900273CA2 = {
			isa = PBXGroup;
			children = (
				6F8D430213E1F8A900273CA2 /* BJRangeSliderWithProgressDemo */,
				6F8D42FB13E1F8A900273CA2 /* Frameworks */,
				6F8D42F913E1F8A900273CA2 /* Products */,
			);
			sourceTree = "<group>";
		};
		6F8D42F913E1F8A900273CA2 /* Products */ = {
			isa = PBXGroup;
			children = (
				6F8D42F813E1F8A900273CA2 /* BJRangeSliderWithProgress.app */,
			);
			name = Products;
			sourceTree = "<group>";
		};
		6F8D42FB13E1F8A900273CA2 /* Frameworks */ = {
			isa = PBXGroup;
			children = (
				6F8D42FC13E1F8A900273CA2 /* UIKit.framework */,
				6F8D42FE13E1F8A900273CA2 /* Foundation.framework */,
				6F8D430013E1F8A900273CA2 /* CoreGraphics.framework */,
			);
			name = Frameworks;
			sourceTree = "<group>";
		};
		6F8D430213E1F8A900273CA2 /* BJRangeSliderWithProgressDemo */ = {
			isa = PBXGroup;
			children = (
				6F8D434E13E309EB00273CA2 /* BJRangeSliderWithProgress */,
				6F8D430B13E1F8A900273CA2 /* BJRangeSliderWithProgressDemoAppDelegate.h */,
				6F8D430C13E1F8A900273CA2 /* BJRangeSliderWithProgressDemoAppDelegate.m */,
				6F8D430E13E1F8A900273CA2 /* BJRangeSliderWithProgressDemoViewController.h */,
				6F8D430F13E1F8A900273CA2 /* BJRangeSliderWithProgressDemoViewController.m */,
				6F8D431113E1F8A900273CA2 /* BJRangeSliderWithProgressDemoViewController.xib */,
				6F8D430313E1F8A900273CA2 /* Supporting Files */,
			);
			name = BJRangeSliderWithProgressDemo;
			path = BJRangeSliderWithProgress;
			sourceTree = "<group>";
		};
		6F8D430313E1F8A900273CA2 /* Supporting Files */ = {
			isa = PBXGroup;
			children = (
				6F8D430413E1F8A900273CA2 /* BJRangeSliderWithProgress-Info.plist */,
				6F8D430513E1F8A900273CA2 /* InfoPlist.strings */,
				6F8D430813E1F8A900273CA2 /* main.m */,
				6F8D430A13E1F8A900273CA2 /* BJRangeSliderWithProgress-Prefix.pch */,
			);
			name = "Supporting Files";
			sourceTree = "<group>";
		};
		6F8D434E13E309EB00273CA2 /* BJRangeSliderWithProgress */ = {
			isa = PBXGroup;
			children = (
				6F8D435613E3402700273CA2 /* BJRangeSliderEmpty.png */,
				6F8D435813E341C800273CA2 /* BJRangeSliderBlue.png */,
				6F8D435913E341C800273CA2 /* BJRangeSliderRed.png */,
				6F8D435C13E349DC00273CA2 /* BJRangeSliderGreen.png */,
				6F8D434F13E30F1000273CA2 /* BJRangeSliderWithProgress.h */,
				6F8D435013E30F1000273CA2 /* BJRangeSliderWithProgress.m */,
			);
			path = BJRangeSliderWithProgress;
			sourceTree = "<group>";
		};
/* End PBXGroup section */

/* Begin PBXNativeTarget section */
		6F8D42F713E1F8A900273CA2 /* BJRangeSliderWithProgress */ = {
			isa = PBXNativeTarget;
			buildConfigurationList = 6F8D431613E1F8A900273CA2 /* Build configuration list for PBXNativeTarget "BJRangeSliderWithProgress" */;
			buildPhases = (
				6F8D42F413E1F8A900273CA2 /* Sources */,
				6F8D42F513E1F8A900273CA2 /* Frameworks */,
				6F8D42F613E1F8A900273CA2 /* Resources */,
			);
			buildRules = (
			);
			dependencies = (
			);
			name = BJRangeSliderWithProgress;
			productName = BJRangeSliderWithProgress;
			productReference = 6F8D42F813E1F8A900273CA2 /* BJRangeSliderWithProgress.app */;
			productType = "com.apple.product-type.application";
		};
/* End PBXNativeTarget section */

/* Begin PBXProject section */
		6F8D42EF13E1F8A900273CA2 /* Project object */ = {
			isa = PBXProject;
			attributes = {
				LastUpgradeCheck = 0420;
			};
			buildConfigurationList = 6F8D42F213E1F8A900273CA2 /* Build configuration list for PBXProject "BJRangeSliderWithProgress" */;
			compatibilityVersion = "Xcode 3.2";
			developmentRegion = English;
			hasScannedForEncodings = 0;
			knownRegions = (
				en,
			);
			mainGroup = 6F8D42ED13E1F8A900273CA2;
			productRefGroup = 6F8D42F913E1F8A900273CA2 /* Products */;
			projectDirPath = "";
			projectRoot = "";
			targets = (
				6F8D42F713E1F8A900273CA2 /* BJRangeSliderWithProgress */,
			);
		};
/* End PBXProject section */

/* Begin PBXResourcesBuildPhase section */
		6F8D42F613E1F8A900273CA2 /* Resources */ = {
			isa = PBXResourcesBuildPhase;
			buildActionMask = 2147483647;
			files = (
				6F8D430713E1F8A900273CA2 /* InfoPlist.strings in Resources */,
				6F8D431313E1F8A900273CA2 /* BJRangeSliderWithProgressDemoViewController.xib in Resources */,
				6F8D435713E3402700273CA2 /* BJRangeSliderEmpty.png in Resources */,
				6F8D435A13E341C800273CA2 /* BJRangeSliderBlue.png in Resources */,
				6F8D435B13E341C800273CA2 /* BJRangeSliderRed.png in Resources */,
				6F8D435D13E349DC00273CA2 /* BJRangeSliderGreen.png in Resources */,
			);
			runOnlyForDeploymentPostprocessing = 0;
		};
/* End PBXResourcesBuildPhase section */

/* Begin PBXSourcesBuildPhase section */
		6F8D42F413E1F8A900273CA2 /* Sources */ = {
			isa = PBXSourcesBuildPhase;
			buildActionMask = 2147483647;
			files = (
				6F8D430913E1F8A900273CA2 /* main.m in Sources */,
				6F8D430D13E1F8A900273CA2 /* BJRangeSliderWithProgressDemoAppDelegate.m in Sources */,
				6F8D431013E1F8A900273CA2 /* BJRangeSliderWithProgressDemoViewController.m in Sources */,
				6F8D435113E30F1000273CA2 /* BJRangeSliderWithProgress.m in Sources */,
			);
			runOnlyForDeploymentPostprocessing = 0;
		};
/* End PBXSourcesBuildPhase section */

/* Begin PBXVariantGroup section */
		6F8D430513E1F8A900273CA2 /* InfoPlist.strings */ = {
			isa = PBXVariantGroup;
			children = (
				6F8D430613E1F8A900273CA2 /* en */,
			);
			name = InfoPlist.strings;
			sourceTree = "<group>";
		};
		6F8D431113E1F8A900273CA2 /* BJRangeSliderWithProgressDemoViewController.xib */ = {
			isa = PBXVariantGroup;
			children = (
				6F8D431213E1F8A900273CA2 /* en */,
			);
			name = BJRangeSliderWithProgressDemoViewController.xib;
			sourceTree = "<group>";
		};
/* End PBXVariantGroup section */

/* Begin XCBuildConfiguration section */
		6F8D431413E1F8A900273CA2 /* Debug */ = {
			isa = XCBuildConfiguration;
			buildSettings = {
				ALWAYS_SEARCH_USER_PATHS = NO;
				ARCHS = "$(ARCHS_STANDARD_32_BIT)";
				CLANG_ENABLE_OBJC_ARC = YES;
				"CODE_SIGN_IDENTITY[sdk=iphoneos*]" = "iPhone Developer";
				COPY_PHASE_STRIP = NO;
				GCC_C_LANGUAGE_STANDARD = gnu99;
				GCC_DYNAMIC_NO_PIC = NO;
				GCC_OPTIMIZATION_LEVEL = 0;
				GCC_PREPROCESSOR_DEFINITIONS = (
					"DEBUG=1",
					"$(inherited)",
				);
				GCC_SYMBOLS_PRIVATE_EXTERN = NO;
				GCC_VERSION = com.apple.compilers.llvm.clang.1_0;
				GCC_WARN_ABOUT_MISSING_PROTOTYPES = YES;
				GCC_WARN_ABOUT_RETURN_TYPE = YES;
				GCC_WARN_UNUSED_VARIABLE = YES;
				IPHONEOS_DEPLOYMENT_TARGET = 5.0;
				SDKROOT = iphoneos;
			};
			name = Debug;
		};
		6F8D431513E1F8A900273CA2 /* Release */ = {
			isa = XCBuildConfiguration;
			buildSettings = {
				ALWAYS_SEARCH_USER_PATHS = NO;
				ARCHS = "$(ARCHS_STANDARD_32_BIT)";
				CLANG_ENABLE_OBJC_ARC = YES;
				"CODE_SIGN_IDENTITY[sdk=iphoneos*]" = "iPhone Developer";
				COPY_PHASE_STRIP = YES;
				GCC_C_LANGUAGE_STANDARD = gnu99;
				GCC_VERSION = com.apple.compilers.llvm.clang.1_0;
				GCC_WARN_ABOUT_MISSING_PROTOTYPES = YES;
				GCC_WARN_ABOUT_RETURN_TYPE = YES;
				GCC_WARN_UNUSED_VARIABLE = YES;
				IPHONEOS_DEPLOYMENT_TARGET = 5.0;
				OTHER_CFLAGS = "-DNS_BLOCK_ASSERTIONS=1";
				SDKROOT = iphoneos;
				VALIDATE_PRODUCT = YES;
			};
			name = Release;
		};
		6F8D431713E1F8A900273CA2 /* Debug */ = {
			isa = XCBuildConfiguration;
			buildSettings = {
				GCC_PRECOMPILE_PREFIX_HEADER = YES;
				GCC_PREFIX_HEADER = "BJRangeSliderWithProgress/BJRangeSliderWithProgress-Prefix.pch";
				INFOPLIST_FILE = "BJRangeSliderWithProgress/BJRangeSliderWithProgress-Info.plist";
				PRODUCT_NAME = "$(TARGET_NAME)";
				WRAPPER_EXTENSION = app;
			};
			name = Debug;
		};
		6F8D431813E1F8A900273CA2 /* Release */ = {
			isa = XCBuildConfiguration;
			buildSettings = {
				GCC_PRECOMPILE_PREFIX_HEADER = YES;
				GCC_PREFIX_HEADER = "BJRangeSliderWithProgress/BJRangeSliderWithProgress-Prefix.pch";
				INFOPLIST_FILE = "BJRangeSliderWithProgress/BJRangeSliderWithProgress-Info.plist";
				PRODUCT_NAME = "$(TARGET_NAME)";
				WRAPPER_EXTENSION = app;
			};
			name = Release;
		};
/* End XCBuildConfiguration section */

/* Begin XCConfigurationList section */
		6F8D42F213E1F8A900273CA2 /* Build configuration list for PBXProject "BJRangeSliderWithProgress" */ = {
			isa = XCConfigurationList;
			buildConfigurations = (
				6F8D431413E1F8A900273CA2 /* Debug */,
				6F8D431513E1F8A900273CA2 /* Release */,
			);
			defaultConfigurationIsVisible = 0;
			defaultConfigurationName = Release;
		};
		6F8D431613E1F8A900273CA2 /* Build configuration list for PBXNativeTarget "BJRangeSliderWithProgress" */ = {
			isa = XCConfigurationList;
			buildConfigurations = (
				6F8D431713E1F8A900273CA2 /* Debug */,
				6F8D431813E1F8A900273CA2 /* Release */,
			);
			defaultConfigurationIsVisible = 0;
			defaultConfigurationName = Release;
		};
/* End XCConfigurationList section */
	};
	rootObject = 6F8D42EF13E1F8A900273CA2 /* Project object */;
}
